
Microsoft Visual Studio Solution File, Format Version 12.00
# Visual Studio Version 17
VisualStudioVersion = 17.2.32519.379
MinimumVisualStudioVersion = 10.0.40219.1
Project("{FAE04EC0-301F-11D3-BF4B-00C04F79EFBC}") = "NUnitCalculadora", "NUnitCalculadora.csproj", "{29FB4480-D175-45F6-BCAF-56B8EA4FE81A}"
EndProject
Project("{FAE04EC0-301F-11D3-BF4B-00C04F79EFBC}") = "Calculadora.Tests", "..\Calculadora.Tests\Calculadora.Tests.csproj", "{9F51ADEF-892C-4879-B6EF-A37192408D4D}"
EndProject
Project("{FAE04EC0-301F-11D3-BF4B-00C04F79EFBC}") = "DemoAsserts", "..\DemoAsserts\DemoAsserts.csproj", "{9E9E829F-5369-4F15-B219-F7261DF96120}"
EndProject
Project("{FAE04EC0-301F-11D3-BF4B-00C04F79EFBC}") = "DemoAssertsTests", "..\DemoAssertsTests\DemoAssertsTests.csproj", "{4229338B-9EBD-4455-A726-CE3A993E3FE8}"
EndProject
Global
	GlobalSection(SolutionConfigurationPlatforms) = preSolution
		Debug|Any CPU = Debug|Any CPU
		Release|Any CPU = Release|Any CPU
	EndGlobalSection
	GlobalSection(ProjectConfigurationPlatforms) = postSolution
		{29FB4480-D175-45F6-BCAF-56B8EA4FE81A}.Debug|Any CPU.ActiveCfg = Debug|Any CPU
		{29FB4480-D175-45F6-BCAF-56B8EA4FE81A}.Debug|Any CPU.Build.0 = Debug|Any CPU
		{29FB4480-D175-45F6-BCAF-56B8EA4FE81A}.Release|Any CPU.ActiveCfg = Release|Any CPU
		{29FB4480-D175-45F6-BCAF-56B8EA4FE81A}.Release|Any CPU.Build.0 = Release|Any CPU
		{9F51ADEF-892C-4879-B6EF-A37192408D4D}.Debug|Any CPU.ActiveCfg = Debug|Any CPU
		{9F51ADEF-892C-4879-B6EF-A37192408D4D}.Debug|Any CPU.Build.0 = Debug|Any CPU
		{9F51ADEF-892C-4879-B6EF-A37192408D4D}.Release|Any CPU.ActiveCfg = Release|Any CPU
		{9F51ADEF-892C-4879-B6EF-A37192408D4D}.Release|Any CPU.Build.0 = Release|Any CPU
		{9E9E829F-5369-4F15-B219-F7261DF96120}.Debug|Any CPU.ActiveCfg = Debug|Any CPU
		{9E9E829F-5369-4F15-B219-F7261DF96120}.Debug|Any CPU.Build.0 = Debug|Any CPU
		{9E9E829F-5369-4F15-B219-F7261DF96120}.Release|Any CPU.ActiveCfg = Release|Any CPU
		{9E9E829F-5369-4F15-B219-F7261DF96120}.Release|Any CPU.Build.0 = Release|Any CPU
		{4229338B-9EBD-4455-A726-CE3A993E3FE8}.Debug|Any CPU.ActiveCfg = Debug|Any CPU
		{4229338B-9EBD-4455-A726-CE3A993E3FE8}.Debug|Any CPU.Build.0 = Debug|Any CPU
		{4229338B-9EBD-4455-A726-CE3A993E3FE8}.Release|Any CPU.ActiveCfg = Release|Any CPU
		{4229338B-9EBD-4455-A726-CE3A993E3FE8}.Release|Any CPU.Build.0 = Release|Any CPU
	EndGlobalSection
	GlobalSection(SolutionProperties) = preSolution
		HideSolutionNode = FALSE
	EndGlobalSection
	GlobalSection(ExtensibilityGlobals) = postSolution
		SolutionGuid = {210BFE04-A887-472D-BB0C-EF3AB7469706}
	EndGlobalSection
EndGlobal
